
Microsoft Visual Studio Solution File, Format Version 12.00
# Visual Studio Version 17
VisualStudioVersion = 17.3.32929.385
MinimumVisualStudioVersion = 10.0.40219.1
Project("{C7167F0D-BC9F-4E6E-AFE1-012C56B48DB5}") = "ReactNativeDeviceAiExample.Package", "ReactNativeDeviceAiExample.Package\ReactNativeDeviceAiExample.Package.wapproj", "{A2ABBA79-2A02-41AD-BE98-B7574B61B56C}"
EndProject
Project("{8BC9CEB8-8B4A-11D0-8D11-00A0C91BC942}") = "ReactNativeDeviceAiExample", "ReactNativeDeviceAiExample\ReactNativeDeviceAiExample.vcxproj", "{2AB167A1-C158-4721-B131-093D7987CEA9}"
EndProject
Global
	GlobalSection(SolutionConfigurationPlatforms) = preSolution
		Debug|x64 = Debug|x64
		Debug|x86 = Debug|x86
		Debug|ARM64 = Debug|ARM64
		Release|x64 = Release|x64
		Release|x86 = Release|x86
		Release|ARM64 = Release|ARM64
	EndGlobalSection
	GlobalSection(ProjectConfigurationPlatforms) = postSolution
		{A2ABBA79-2A02-41AD-BE98-B7574B61B56C}.Debug|x64.ActiveCfg = Debug|x64
		{A2ABBA79-2A02-41AD-BE98-B7574B61B56C}.Debug|x64.Build.0 = Debug|x64
		{A2ABBA79-2A02-41AD-BE98-B7574B61B56C}.Debug|x64.Deploy.0 = Debug|x64
		{A2ABBA79-2A02-41AD-BE98-B7574B61B56C}.Debug|x86.ActiveCfg = Debug|x86
		{A2ABBA79-2A02-41AD-BE98-B7574B61B56C}.Debug|x86.Build.0 = Debug|x86
		{A2ABBA79-2A02-41AD-BE98-B7574B61B56C}.Debug|x86.Deploy.0 = Debug|x86
		{A2ABBA79-2A02-41AD-BE98-B7574B61B56C}.Debug|ARM64.ActiveCfg = Debug|ARM64
		{A2ABBA79-2A02-41AD-BE98-B7574B61B56C}.Debug|ARM64.Build.0 = Debug|ARM64
		{A2ABBA79-2A02-41AD-BE98-B7574B61B56C}.Debug|ARM64.Deploy.0 = Debug|ARM64
		{A2ABBA79-2A02-41AD-BE98-B7574B61B56C}.Release|x64.ActiveCfg = Release|x64
		{A2ABBA79-2A02-41AD-BE98-B7574B61B56C}.Release|x64.Build.0 = Release|x64
		{A2ABBA79-2A02-41AD-BE98-B7574B61B56C}.Release|x64.Deploy.0 = Release|x64
		{A2ABBA79-2A02-41AD-BE98-B7574B61B56C}.Release|x86.ActiveCfg = Release|x86
		{A2ABBA79-2A02-41AD-BE98-B7574B61B56C}.Release|x86.Build.0 = Release|x86
		{A2ABBA79-2A02-41AD-BE98-B7574B61B56C}.Release|x86.Deploy.0 = Release|x86
		{A2ABBA79-2A02-41AD-BE98-B7574B61B56C}.Release|ARM64.ActiveCfg = Release|ARM64
		{A2ABBA79-2A02-41AD-BE98-B7574B61B56C}.Release|ARM64.Build.0 = Release|ARM64
		{A2ABBA79-2A02-41AD-BE98-B7574B61B56C}.Release|ARM64.Deploy.0 = Release|ARM64
		{2AB167A1-C158-4721-B131-093D7987CEA9}.Debug|x64.ActiveCfg = Debug|x64
		{2AB167A1-C158-4721-B131-093D7987CEA9}.Debug|x64.Build.0 = Debug|x64
		{2AB167A1-C158-4721-B131-093D7987CEA9}.Debug|x64.Deploy.0 = Debug|x64
		{2AB167A1-C158-4721-B131-093D7987CEA9}.Debug|x86.ActiveCfg = Debug|Win32
		{2AB167A1-C158-4721-B131-093D7987CEA9}.Debug|x86.Build.0 = Debug|Win32
		{2AB167A1-C158-4721-B131-093D7987CEA9}.Debug|x86.Deploy.0 = Debug|Win32
		{2AB167A1-C158-4721-B131-093D7987CEA9}.Debug|ARM64.ActiveCfg = Debug|ARM64
		{2AB167A1-C158-4721-B131-093D7987CEA9}.Debug|ARM64.Build.0 = Debug|ARM64
		{2AB167A1-C158-4721-B131-093D7987CEA9}.Debug|ARM64.Deploy.0 = Debug|ARM64
		{2AB167A1-C158-4721-B131-093D7987CEA9}.Release|x64.ActiveCfg = Release|x64
		{2AB167A1-C158-4721-B131-093D7987CEA9}.Release|x64.Build.0 = Release|x64
		{2AB167A1-C158-4721-B131-093D7987CEA9}.Release|x64.Deploy.0 = Release|x64
		{2AB167A1-C158-4721-B131-093D7987CEA9}.Release|x86.ActiveCfg = Release|Win32
		{2AB167A1-C158-4721-B131-093D7987CEA9}.Release|x86.Build.0 = Release|Win32
		{2AB167A1-C158-4721-B131-093D7987CEA9}.Release|x86.Deploy.0 = Release|Win32
		{2AB167A1-C158-4721-B131-093D7987CEA9}.Release|ARM64.ActiveCfg = Release|ARM64
		{2AB167A1-C158-4721-B131-093D7987CEA9}.Release|ARM64.Build.0 = Release|ARM64
		{2AB167A1-C158-4721-B131-093D7987CEA9}.Release|ARM64.Deploy.0 = Release|ARM64
	EndGlobalSection
	GlobalSection(SolutionProperties) = preSolution
		HideSolutionNode = FALSE
	EndGlobalSection
	GlobalSection(ExtensibilityGlobals) = postSolution
		SolutionGuid = {D43FAD39-F619-437D-BB40-04A3982ACB6A}
	EndGlobalSection
EndGlobal
